
Microsoft Visual Studio Solution File, Format Version 12.00
# Visual Studio 15
VisualStudioVersion = 15.0.28307.136
MinimumVisualStudioVersion = 10.0.40219.1
Project("{FAE04EC0-301F-11D3-BF4B-00C04F79EFBC}") = "Pro2123", "Pro2123\Pro2123.csproj", "{3DAD77A1-24C5-4C56-AC51-587D544D56EC}"
EndProject
Global
	GlobalSection(SolutionConfigurationPlatforms) = preSolution
		Debug|Any CPU = Debug|Any CPU
		Release|Any CPU = Release|Any CPU
	EndGlobalSection
	GlobalSection(ProjectConfigurationPlatforms) = postSolution
		{3DAD77A1-24C5-4C56-AC51-587D544D56EC}.Debug|Any CPU.ActiveCfg = Debug|Any CPU
		{3DAD77A1-24C5-4C56-AC51-587D544D56EC}.Debug|Any CPU.Build.0 = Debug|Any CPU
		{3DAD77A1-24C5-4C56-AC51-587D544D56EC}.Release|Any CPU.ActiveCfg = Release|Any CPU
		{3DAD77A1-24C5-4C56-AC51-587D544D56EC}.Release|Any CPU.Build.0 = Release|Any CPU
	EndGlobalSection
	GlobalSection(SolutionProperties) = preSolution
		HideSolutionNode = FALSE
	EndGlobalSection
	GlobalSection(ExtensibilityGlobals) = postSolution
		SolutionGuid = {3617B35B-8B96-4DB6-AD9D-4D5AF2602417}
	EndGlobalSection
EndGlobal
